
Microsoft Visual Studio Solution File, Format Version 12.00
# Visual Studio Version 16
VisualStudioVersion = 16.0.30104.148
MinimumVisualStudioVersion = 10.0.40219.1
Project("{FAE04EC0-301F-11D3-BF4B-00C04F79EFBC}") = "WebGL", "WebGL\WebGL.csproj", "{69A8E249-9674-4BE5-AD71-85FD3A07B8E0}"
	ProjectSection(ProjectDependencies) = postProject
		{ADF5272E-EC0C-4131-B3AE-1839525370DD} = {ADF5272E-EC0C-4131-B3AE-1839525370DD}
		{C89DB09E-280D-4144-AC4F-DC9C48029023} = {C89DB09E-280D-4144-AC4F-DC9C48029023}
	EndProjectSection
EndProject
Project("{FAE04EC0-301F-11D3-BF4B-00C04F79EFBC}") = "WcfGL", "WcfGL\WcfGL.csproj", "{ADF5272E-EC0C-4131-B3AE-1839525370DD}"
EndProject
Project("{FAE04EC0-301F-11D3-BF4B-00C04F79EFBC}") = "WebApiGL", "WebApiGL\WebApiGL.csproj", "{C89DB09E-280D-4144-AC4F-DC9C48029023}"
EndProject
Global
	GlobalSection(SolutionConfigurationPlatforms) = preSolution
		Debug|Any CPU = Debug|Any CPU
		Release|Any CPU = Release|Any CPU
	EndGlobalSection
	GlobalSection(ProjectConfigurationPlatforms) = postSolution
		{69A8E249-9674-4BE5-AD71-85FD3A07B8E0}.Debug|Any CPU.ActiveCfg = Debug|Any CPU
		{69A8E249-9674-4BE5-AD71-85FD3A07B8E0}.Debug|Any CPU.Build.0 = Debug|Any CPU
		{69A8E249-9674-4BE5-AD71-85FD3A07B8E0}.Release|Any CPU.ActiveCfg = Release|Any CPU
		{69A8E249-9674-4BE5-AD71-85FD3A07B8E0}.Release|Any CPU.Build.0 = Release|Any CPU
		{ADF5272E-EC0C-4131-B3AE-1839525370DD}.Debug|Any CPU.ActiveCfg = Debug|Any CPU
		{ADF5272E-EC0C-4131-B3AE-1839525370DD}.Debug|Any CPU.Build.0 = Debug|Any CPU
		{ADF5272E-EC0C-4131-B3AE-1839525370DD}.Release|Any CPU.ActiveCfg = Release|Any CPU
		{ADF5272E-EC0C-4131-B3AE-1839525370DD}.Release|Any CPU.Build.0 = Release|Any CPU
		{C89DB09E-280D-4144-AC4F-DC9C48029023}.Debug|Any CPU.ActiveCfg = Debug|Any CPU
		{C89DB09E-280D-4144-AC4F-DC9C48029023}.Debug|Any CPU.Build.0 = Debug|Any CPU
		{C89DB09E-280D-4144-AC4F-DC9C48029023}.Release|Any CPU.ActiveCfg = Release|Any CPU
		{C89DB09E-280D-4144-AC4F-DC9C48029023}.Release|Any CPU.Build.0 = Release|Any CPU
	EndGlobalSection
	GlobalSection(SolutionProperties) = preSolution
		HideSolutionNode = FALSE
	EndGlobalSection
	GlobalSection(ExtensibilityGlobals) = postSolution
		SolutionGuid = {741F594D-6C64-4A1B-A804-084714B8AA77}
	EndGlobalSection
EndGlobal
